
Microsoft Visual Studio Solution File, Format Version 12.00
# Visual Studio Version 17
VisualStudioVersion = 17.5.33414.496
MinimumVisualStudioVersion = 10.0.40219.1
Project("{FAE04EC0-301F-11D3-BF4B-00C04F79EFBC}") = "son_ödev_gorsel_programlama", "son_ödev_gorsel_programlama\son_ödev_gorsel_programlama.csproj", "{2AB0299C-5A8A-448B-93E7-46CECF518BC7}"
EndProject
Global
	GlobalSection(SolutionConfigurationPlatforms) = preSolution
		Debug|Any CPU = Debug|Any CPU
		Release|Any CPU = Release|Any CPU
	EndGlobalSection
	GlobalSection(ProjectConfigurationPlatforms) = postSolution
		{2AB0299C-5A8A-448B-93E7-46CECF518BC7}.Debug|Any CPU.ActiveCfg = Debug|Any CPU
		{2AB0299C-5A8A-448B-93E7-46CECF518BC7}.Debug|Any CPU.Build.0 = Debug|Any CPU
		{2AB0299C-5A8A-448B-93E7-46CECF518BC7}.Release|Any CPU.ActiveCfg = Release|Any CPU
		{2AB0299C-5A8A-448B-93E7-46CECF518BC7}.Release|Any CPU.Build.0 = Release|Any CPU
	EndGlobalSection
	GlobalSection(SolutionProperties) = preSolution
		HideSolutionNode = FALSE
	EndGlobalSection
	GlobalSection(ExtensibilityGlobals) = postSolution
		SolutionGuid = {49B75555-93DC-4AEC-A42F-7CD1AA9AC3FF}
	EndGlobalSection
EndGlobal
